// !$*UTF8*$!
{
	archiveVersion = 1;
	classes = {
	};
	objectVersion = 50;
	objects = {

/* Begin PBXBuildFile section */
		FC26C80025EFB074008101FB /* AppDelegate.swift in Sources */ = {isa = PBXBuildFile; fileRef = FC26C7FF25EFB074008101FB /* AppDelegate.swift */; };
		FC26C80225EFB074008101FB /* SceneDelegate.swift in Sources */ = {isa = PBXBuildFile; fileRef = FC26C80125EFB074008101FB /* SceneDelegate.swift */; };
		FC26C80425EFB074008101FB /* ViewController.swift in Sources */ = {isa = PBXBuildFile; fileRef = FC26C80325EFB074008101FB /* ViewController.swift */; };
		FC26C80725EFB074008101FB /* Main.storyboard in Resources */ = {isa = PBXBuildFile; fileRef = FC26C80525EFB074008101FB /* Main.storyboard */; };
		FC26C80925EFB075008101FB /* Assets.xcassets in Resources */ = {isa = PBXBuildFile; fileRef = FC26C80825EFB075008101FB /* Assets.xcassets */; };
		FC26C80C25EFB075008101FB /* LaunchScreen.storyboard in Resources */ = {isa = PBXBuildFile; fileRef = FC26C80A25EFB075008101FB /* LaunchScreen.storyboard */; };
		FC26C81525EFD259008101FB /* ResultViewController.swift in Sources */ = {isa = PBXBuildFile; fileRef = FC26C81425EFD259008101FB /* ResultViewController.swift */; };
		FC34CFBB25F62AF700D4D923 /* photo1.jpeg in Resources */ = {isa = PBXBuildFile; fileRef = FC34CFBA25F62AF700D4D923 /* photo1.jpeg */; };
		FC34CFBE25F62B0600D4D923 /* photo2.jpeg in Resources */ = {isa = PBXBuildFile; fileRef = FC34CFBD25F62B0600D4D923 /* photo2.jpeg */; };
		FC34CFC125F62B0D00D4D923 /* photo3.jpeg in Resources */ = {isa = PBXBuildFile; fileRef = FC34CFC025F62B0D00D4D923 /* photo3.jpeg */; };
/* End PBXBuildFile section */

/* Begin PBXFileReference section */
		FC26C7FC25EFB074008101FB /* SlideshowApp.app */ = {isa = PBXFileReference; explicitFileType = wrapper.application; includeInIndex = 0; path = SlideshowApp.app; sourceTree = BUILT_PRODUCTS_DIR; };
		FC26C7FF25EFB074008101FB /* AppDelegate.swift */ = {isa = PBXFileReference; lastKnownFileType = sourcecode.swift; path = AppDelegate.swift; sourceTree = "<group>"; };
		FC26C80125EFB074008101FB /* SceneDelegate.swift */ = {isa = PBXFileReference; lastKnownFileType = sourcecode.swift; path = SceneDelegate.swift; sourceTree = "<group>"; };
		FC26C80325EFB074008101FB /* ViewController.swift */ = {isa = PBXFileReference; lastKnownFileType = sourcecode.swift; path = ViewController.swift; sourceTree = "<group>"; };
		FC26C80625EFB074008101FB /* Base */ = {isa = PBXFileReference; lastKnownFileType = file.storyboard; name = Base; path = Base.lproj/Main.storyboard; sourceTree = "<group>"; };
		FC26C80825EFB075008101FB /* Assets.xcassets */ = {isa = PBXFileReference; lastKnownFileType = folder.assetcatalog; path = Assets.xcassets; sourceTree = "<group>"; };
		FC26C80B25EFB075008101FB /* Base */ = {isa = PBXFileReference; lastKnownFileType = file.storyboard; name = Base; path = Base.lproj/LaunchScreen.storyboard; sourceTree = "<group>"; };
		FC26C80D25EFB075008101FB /* Info.plist */ = {isa = PBXFileReference; lastKnownFileType = text.plist.xml; path = Info.plist; sourceTree = "<group>"; };
		FC26C81425EFD259008101FB /* ResultViewController.swift */ = {isa = PBXFileReference; lastKnownFileType = sourcecode.swift; path = ResultViewController.swift; sourceTree = "<group>"; };
		FC34CFBA25F62AF700D4D923 /* photo1.jpeg */ = {isa = PBXFileReference; lastKnownFileType = image.jpeg; path = photo1.jpeg; sourceTree = "<group>"; };
		FC34CFBD25F62B0600D4D923 /* photo2.jpeg */ = {isa = PBXFileReference; lastKnownFileType = image.jpeg; path = photo2.jpeg; sourceTree = "<group>"; };
		FC34CFC025F62B0D00D4D923 /* photo3.jpeg */ = {isa = PBXFileReference; lastKnownFileType = image.jpeg; path = photo3.jpeg; sourceTree = "<group>"; };
/* End PBXFileReference section */

/* Begin PBXFrameworksBuildPhase section */
		FC26C7F925EFB074008101FB /* Frameworks */ = {
			isa = PBXFrameworksBuildPhase;
			buildActionMask = 2147483647;
			files = (
			);
			runOnlyForDeploymentPostprocessing = 0;
		};
/* End PBXFrameworksBuildPhase section */

/* Begin PBXGroup section */
		FC26C7F325EFB074008101FB = {
			isa = PBXGroup;
			children = (
				FC26C7FE25EFB074008101FB /* SlideshowApp */,
				FC26C7FD25EFB074008101FB /* Products */,
			);
			sourceTree = "<group>";
		};
		FC26C7FD25EFB074008101FB /* Products */ = {
			isa = PBXGroup;
			children = (
				FC26C7FC25EFB074008101FB /* SlideshowApp.app */,
			);
			name = Products;
			sourceTree = "<group>";
		};
		FC26C7FE25EFB074008101FB /* SlideshowApp */ = {
			isa = PBXGroup;
			children = (
				FC26C7FF25EFB074008101FB /* AppDelegate.swift */,
				FC26C80125EFB074008101FB /* SceneDelegate.swift */,
				FC26C80325EFB074008101FB /* ViewController.swift */,
				FC26C81425EFD259008101FB /* ResultViewController.swift */,
				FC26C80525EFB074008101FB /* Main.storyboard */,
				FC34CFBA25F62AF700D4D923 /* photo1.jpeg */,
				FC34CFBD25F62B0600D4D923 /* photo2.jpeg */,
				FC34CFC025F62B0D00D4D923 /* photo3.jpeg */,
				FC26C80825EFB075008101FB /* Assets.xcassets */,
				FC26C80A25EFB075008101FB /* LaunchScreen.storyboard */,
				FC26C80D25EFB075008101FB /* Info.plist */,
			);
			path = SlideshowApp;
			sourceTree = "<group>";
		};
/* End PBXGroup section */

/* Begin PBXNativeTarget section */
		FC26C7FB25EFB074008101FB /* SlideshowApp */ = {
			isa = PBXNativeTarget;
			buildConfigurationList = FC26C81025EFB075008101FB /* Build configuration list for PBXNativeTarget "SlideshowApp" */;
			buildPhases = (
				FC26C7F825EFB074008101FB /* Sources */,
				FC26C7F925EFB074008101FB /* Frameworks */,
				FC26C7FA25EFB074008101FB /* Resources */,
			);
			buildRules = (
			);
			dependencies = (
			);
			name = SlideshowApp;
			productName = SlideshowApp;
			productReference = FC26C7FC25EFB074008101FB /* SlideshowApp.app */;
			productType = "com.apple.product-type.application";
		};
/* End PBXNativeTarget section */

/* Begin PBXProject section */
		FC26C7F425EFB074008101FB /* Project object */ = {
			isa = PBXProject;
			attributes = {
				LastSwiftUpdateCheck = 1220;
				LastUpgradeCheck = 1220;
				TargetAttributes = {
					FC26C7FB25EFB074008101FB = {
						CreatedOnToolsVersion = 12.2;
					};
				};
			};
			buildConfigurationList = FC26C7F725EFB074008101FB /* Build configuration list for PBXProject "SlideshowApp" */;
			compatibilityVersion = "Xcode 9.3";
			developmentRegion = en;
			hasScannedForEncodings = 0;
			knownRegions = (
				en,
				Base,
			);
			mainGroup = FC26C7F325EFB074008101FB;
			productRefGroup = FC26C7FD25EFB074008101FB /* Products */;
			projectDirPath = "";
			projectRoot = "";
			targets = (
				FC26C7FB25EFB074008101FB /* SlideshowApp */,
			);
		};
/* End PBXProject section */

/* Begin PBXResourcesBuildPhase section */
		FC26C7FA25EFB074008101FB /* Resources */ = {
			isa = PBXResourcesBuildPhase;
			buildActionMask = 2147483647;
			files = (
				FC26C80C25EFB075008101FB /* LaunchScreen.storyboard in Resources */,
				FC34CFBB25F62AF700D4D923 /* photo1.jpeg in Resources */,
				FC26C80925EFB075008101FB /* Assets.xcassets in Resources */,
				FC34CFBE25F62B0600D4D923 /* photo2.jpeg in Resources */,
				FC26C80725EFB074008101FB /* Main.storyboard in Resources */,
				FC34CFC125F62B0D00D4D923 /* photo3.jpeg in Resources */,
			);
			runOnlyForDeploymentPostprocessing = 0;
		};
/* End PBXResourcesBuildPhase section */

/* Begin PBXSourcesBuildPhase section */
		FC26C7F825EFB074008101FB /* Sources */ = {
			isa = PBXSourcesBuildPhase;
			buildActionMask = 2147483647;
			files = (
				FC26C80425EFB074008101FB /* ViewController.swift in Sources */,
				FC26C80025EFB074008101FB /* AppDelegate.swift in Sources */,
				FC26C80225EFB074008101FB /* SceneDelegate.swift in Sources */,
				FC26C81525EFD259008101FB /* ResultViewController.swift in Sources */,
			);
			runOnlyForDeploymentPostprocessing = 0;
		};
/* End PBXSourcesBuildPhase section */

/* Begin PBXVariantGroup section */
		FC26C80525EFB074008101FB /* Main.storyboard */ = {
			isa = PBXVariantGroup;
			children = (
				FC26C80625EFB074008101FB /* Base */,
			);
			name = Main.storyboard;
			sourceTree = "<group>";
		};
		FC26C80A25EFB075008101FB /* LaunchScreen.storyboard */ = {
			isa = PBXVariantGroup;
			children = (
				FC26C80B25EFB075008101FB /* Base */,
			);
			name = LaunchScreen.storyboard;
			sourceTree = "<group>";
		};
/* End PBXVariantGroup section */

/* Begin XCBuildConfiguration section */
		FC26C80E25EFB075008101FB /* Debug */ = {
			isa = XCBuildConfiguration;
			buildSettings = {
				ALWAYS_SEARCH_USER_PATHS = NO;
				CLANG_ANALYZER_NONNULL = YES;
				CLANG_ANALYZER_NUMBER_OBJECT_CONVERSION = YES_AGGRESSIVE;
				CLANG_CXX_LANGUAGE_STANDARD = "gnu++14";
				CLANG_CXX_LIBRARY = "libc++";
				CLANG_ENABLE_MODULES = YES;
				CLANG_ENABLE_OBJC_ARC = YES;
				CLANG_ENABLE_OBJC_WEAK = YES;
				CLANG_WARN_BLOCK_CAPTURE_AUTORELEASING = YES;
				CLANG_WARN_BOOL_CONVERSION = YES;
				CLANG_WARN_COMMA = YES;
				CLANG_WARN_CONSTANT_CONVERSION = YES;
				CLANG_WARN_DEPRECATED_OBJC_IMPLEMENTATIONS = YES;
				CLANG_WARN_DIRECT_OBJC_ISA_USAGE = YES_ERROR;
				CLANG_WARN_DOCUMENTATION_COMMENTS = YES;
				CLANG_WARN_EMPTY_BODY = YES;
				CLANG_WARN_ENUM_CONVERSION = YES;
				CLANG_WARN_INFINITE_RECURSION = YES;
				CLANG_WARN_INT_CONVERSION = YES;
				CLANG_WARN_NON_LITERAL_NULL_CONVERSION = YES;
				CLANG_WARN_OBJC_IMPLICIT_RETAIN_SELF = YES;
				CLANG_WARN_OBJC_LITERAL_CONVERSION = YES;
				CLANG_WARN_OBJC_ROOT_CLASS = YES_ERROR;
				CLANG_WARN_QUOTED_INCLUDE_IN_FRAMEWORK_HEADER = YES;
				CLANG_WARN_RANGE_LOOP_ANALYSIS = YES;
				CLANG_WARN_STRICT_PROTOTYPES = YES;
				CLANG_WARN_SUSPICIOUS_MOVE = YES;
				CLANG_WARN_UNGUARDED_AVAILABILITY = YES_AGGRESSIVE;
				CLANG_WARN_UNREACHABLE_CODE = YES;
				CLANG_WARN__DUPLICATE_METHOD_MATCH = YES;
				COPY_PHASE_STRIP = NO;
				DEBUG_INFORMATION_FORMAT = dwarf;
				ENABLE_STRICT_OBJC_MSGSEND = YES;
				ENABLE_TESTABILITY = YES;
				GCC_C_LANGUAGE_STANDARD = gnu11;
				GCC_DYNAMIC_NO_PIC = NO;
				GCC_NO_COMMON_BLOCKS = YES;
				GCC_OPTIMIZATION_LEVEL = 0;
				GCC_PREPROCESSOR_DEFINITIONS = (
					"DEBUG=1",
					"$(inherited)",
				);
				GCC_WARN_64_TO_32_BIT_CONVERSION = YES;
				GCC_WARN_ABOUT_RETURN_TYPE = YES_ERROR;
				GCC_WARN_UNDECLARED_SELECTOR = YES;
				GCC_WARN_UNINITIALIZED_AUTOS = YES_AGGRESSIVE;
				GCC_WARN_UNUSED_FUNCTION = YES;
				GCC_WARN_UNUSED_VARIABLE = YES;
				IPHONEOS_DEPLOYMENT_TARGET = 14.2;
				MTL_ENABLE_DEBUG_INFO = INCLUDE_SOURCE;
				MTL_FAST_MATH = YES;
				ONLY_ACTIVE_ARCH = YES;
				SDKROOT = iphoneos;
				SWIFT_ACTIVE_COMPILATION_CONDITIONS = DEBUG;
				SWIFT_OPTIMIZATION_LEVEL = "-Onone";
			};
			name = Debug;
		};
		FC26C80F25EFB075008101FB /* Release */ = {
			isa = XCBuildConfiguration;
			buildSettings = {
				ALWAYS_SEARCH_USER_PATHS = NO;
				CLANG_ANALYZER_NONNULL = YES;
				CLANG_ANALYZER_NUMBER_OBJECT_CONVERSION = YES_AGGRESSIVE;
				CLANG_CXX_LANGUAGE_STANDARD = "gnu++14";
				CLANG_CXX_LIBRARY = "libc++";
				CLANG_ENABLE_MODULES = YES;
				CLANG_ENABLE_OBJC_ARC = YES;
				CLANG_ENABLE_OBJC_WEAK = YES;
				CLANG_WARN_BLOCK_CAPTURE_AUTORELEASING = YES;
				CLANG_WARN_BOOL_CONVERSION = YES;
				CLANG_WARN_COMMA = YES;
				CLANG_WARN_CONSTANT_CONVERSION = YES;
				CLANG_WARN_DEPRECATED_OBJC_IMPLEMENTATIONS = YES;
				CLANG_WARN_DIRECT_OBJC_ISA_USAGE = YES_ERROR;
				CLANG_WARN_DOCUMENTATION_COMMENTS = YES;
				CLANG_WARN_EMPTY_BODY = YES;
				CLANG_WARN_ENUM_CONVERSION = YES;
				CLANG_WARN_INFINITE_RECURSION = YES;
				CLANG_WARN_INT_CONVERSION = YES;
				CLANG_WARN_NON_LITERAL_NULL_CONVERSION = YES;
				CLANG_WARN_OBJC_IMPLICIT_RETAIN_SELF = YES;
				CLANG_WARN_OBJC_LITERAL_CONVERSION = YES;
				CLANG_WARN_OBJC_ROOT_CLASS = YES_ERROR;
				CLANG_WARN_QUOTED_INCLUDE_IN_FRAMEWORK_HEADER = YES;
				CLANG_WARN_RANGE_LOOP_ANALYSIS = YES;
				CLANG_WARN_STRICT_PROTOTYPES = YES;
				CLANG_WARN_SUSPICIOUS_MOVE = YES;
				CLANG_WARN_UNGUARDED_AVAILABILITY = YES_AGGRESSIVE;
				CLANG_WARN_UNREACHABLE_CODE = YES;
				CLANG_WARN__DUPLICATE_METHOD_MATCH = YES;
				COPY_PHASE_STRIP = NO;
				DEBUG_INFORMATION_FORMAT = "dwarf-with-dsym";
				ENABLE_NS_ASSERTIONS = NO;
				ENABLE_STRICT_OBJC_MSGSEND = YES;
				GCC_C_LANGUAGE_STANDARD = gnu11;
				GCC_NO_COMMON_BLOCKS = YES;
				GCC_WARN_64_TO_32_BIT_CONVERSION = YES;
				GCC_WARN_ABOUT_RETURN_TYPE = YES_ERROR;
				GCC_WARN_UNDECLARED_SELECTOR = YES;
				GCC_WARN_UNINITIALIZED_AUTOS = YES_AGGRESSIVE;
				GCC_WARN_UNUSED_FUNCTION = YES;
				GCC_WARN_UNUSED_VARIABLE = YES;
				IPHONEOS_DEPLOYMENT_TARGET = 14.2;
				MTL_ENABLE_DEBUG_INFO = NO;
				MTL_FAST_MATH = YES;
				SDKROOT = iphoneos;
				SWIFT_COMPILATION_MODE = wholemodule;
				SWIFT_OPTIMIZATION_LEVEL = "-O";
				VALIDATE_PRODUCT = YES;
			};
			name = Release;
		};
		FC26C81125EFB075008101FB /* Debug */ = {
			isa = XCBuildConfiguration;
			buildSettings = {
				ASSETCATALOG_COMPILER_APPICON_NAME = AppIcon;
				ASSETCATALOG_COMPILER_GLOBAL_ACCENT_COLOR_NAME = AccentColor;
				CODE_SIGN_STYLE = Automatic;
				DEVELOPMENT_TEAM = 64YMRNUZR7;
				INFOPLIST_FILE = SlideshowApp/Info.plist;
				LD_RUNPATH_SEARCH_PATHS = (
					"$(inherited)",
					"@executable_path/Frameworks",
				);
				PRODUCT_BUNDLE_IDENTIFIER = jp.techacademy.kouhei.shima.SlideshowApp;
				PRODUCT_NAME = "$(TARGET_NAME)";
				SWIFT_VERSION = 5.0;
				TARGETED_DEVICE_FAMILY = "1,2";
			};
			name = Debug;
		};
		FC26C81225EFB075008101FB /* Release */ = {
			isa = XCBuildConfiguration;
			buildSettings = {
				ASSETCATALOG_COMPILER_APPICON_NAME = AppIcon;
				ASSETCATALOG_COMPILER_GLOBAL_ACCENT_COLOR_NAME = AccentColor;
				CODE_SIGN_STYLE = Automatic;
				DEVELOPMENT_TEAM = 64YMRNUZR7;
				INFOPLIST_FILE = SlideshowApp/Info.plist;
				LD_RUNPATH_SEARCH_PATHS = (
					"$(inherited)",
					"@executable_path/Frameworks",
				);
				PRODUCT_BUNDLE_IDENTIFIER = jp.techacademy.kouhei.shima.SlideshowApp;
				PRODUCT_NAME = "$(TARGET_NAME)";
				SWIFT_VERSION = 5.0;
				TARGETED_DEVICE_FAMILY = "1,2";
			};
			name = Release;
		};
/* End XCBuildConfiguration section */

/* Begin XCConfigurationList section */
		FC26C7F725EFB074008101FB /* Build configuration list for PBXProject "SlideshowApp" */ = {
			isa = XCConfigurationList;
			buildConfigurations = (
				FC26C80E25EFB075008101FB /* Debug */,
				FC26C80F25EFB075008101FB /* Release */,
			);
			defaultConfigurationIsVisible = 0;
			defaultConfigurationName = Release;
		};
		FC26C81025EFB075008101FB /* Build configuration list for PBXNativeTarget "SlideshowApp" */ = {
			isa = XCConfigurationList;
			buildConfigurations = (
				FC26C81125EFB075008101FB /* Debug */,
				FC26C81225EFB075008101FB /* Release */,
			);
			defaultConfigurationIsVisible = 0;
			defaultConfigurationName = Release;
		};
/* End XCConfigurationList section */
	};
	rootObject = FC26C7F425EFB074008101FB /* Project object */;
}
